
Microsoft Visual Studio Solution File, Format Version 11.00
# Visual Studio 2010
Project("{FAE04EC0-301F-11D3-BF4B-00C04F79EFBC}") = "Codaxy.CodeReports", "Libraries\Codaxy.CodeReports\Codaxy.CodeReports.csproj", "{F069E65E-F159-41D2-8541-79ABDB6FE0A8}"
EndProject
Project("{FAE04EC0-301F-11D3-BF4B-00C04F79EFBC}") = "Codaxy.CodeReports.Exporters.Html", "Libraries\Codaxy.CodeReports.Exporters.Html\Codaxy.CodeReports.Exporters.Html.csproj", "{05EDB9E0-2C5B-4FE7-98E9-0FA1AAF59DEA}"
EndProject
Project("{FAE04EC0-301F-11D3-BF4B-00C04F79EFBC}") = "Codaxy.CodeReports.Exporters.Xlio", "Libraries\Codaxy.CodeReports.Exporters.Xlio\Codaxy.CodeReports.Exporters.Xlio.csproj", "{E8E20AFC-3CAE-45AF-8CA4-95C0C172B9C0}"
EndProject
Project("{FAE04EC0-301F-11D3-BF4B-00C04F79EFBC}") = "Codaxy.CodeReports.Exporters.Text", "Libraries\Codaxy.CodeReports.Exporters.Text\Codaxy.CodeReports.Exporters.Text.csproj", "{48ADB77E-2E90-4C71-B060-C9C2440FF095}"
EndProject
Global
	GlobalSection(SolutionConfigurationPlatforms) = preSolution
		Debug|Any CPU = Debug|Any CPU
		Release|Any CPU = Release|Any CPU
	EndGlobalSection
	GlobalSection(ProjectConfigurationPlatforms) = postSolution
		{F069E65E-F159-41D2-8541-79ABDB6FE0A8}.Debug|Any CPU.ActiveCfg = Debug|Any CPU
		{F069E65E-F159-41D2-8541-79ABDB6FE0A8}.Debug|Any CPU.Build.0 = Debug|Any CPU
		{F069E65E-F159-41D2-8541-79ABDB6FE0A8}.Release|Any CPU.ActiveCfg = Release|Any CPU
		{F069E65E-F159-41D2-8541-79ABDB6FE0A8}.Release|Any CPU.Build.0 = Release|Any CPU
		{05EDB9E0-2C5B-4FE7-98E9-0FA1AAF59DEA}.Debug|Any CPU.ActiveCfg = Debug|Any CPU
		{05EDB9E0-2C5B-4FE7-98E9-0FA1AAF59DEA}.Debug|Any CPU.Build.0 = Debug|Any CPU
		{05EDB9E0-2C5B-4FE7-98E9-0FA1AAF59DEA}.Release|Any CPU.ActiveCfg = Release|Any CPU
		{05EDB9E0-2C5B-4FE7-98E9-0FA1AAF59DEA}.Release|Any CPU.Build.0 = Release|Any CPU
		{E8E20AFC-3CAE-45AF-8CA4-95C0C172B9C0}.Debug|Any CPU.ActiveCfg = Debug|Any CPU
		{E8E20AFC-3CAE-45AF-8CA4-95C0C172B9C0}.Debug|Any CPU.Build.0 = Debug|Any CPU
		{E8E20AFC-3CAE-45AF-8CA4-95C0C172B9C0}.Release|Any CPU.ActiveCfg = Release|Any CPU
		{E8E20AFC-3CAE-45AF-8CA4-95C0C172B9C0}.Release|Any CPU.Build.0 = Release|Any CPU
		{48ADB77E-2E90-4C71-B060-C9C2440FF095}.Debug|Any CPU.ActiveCfg = Debug|Any CPU
		{48ADB77E-2E90-4C71-B060-C9C2440FF095}.Debug|Any CPU.Build.0 = Debug|Any CPU
		{48ADB77E-2E90-4C71-B060-C9C2440FF095}.Release|Any CPU.ActiveCfg = Release|Any CPU
		{48ADB77E-2E90-4C71-B060-C9C2440FF095}.Release|Any CPU.Build.0 = Release|Any CPU
	EndGlobalSection
	GlobalSection(SolutionProperties) = preSolution
		HideSolutionNode = FALSE
	EndGlobalSection
EndGlobal
